
Microsoft Visual Studio Solution File, Format Version 12.00
# Visual Studio 14
VisualStudioVersion = 14.0.25420.1
MinimumVisualStudioVersion = 10.0.40219.1
Project("{FAE04EC0-301F-11D3-BF4B-00C04F79EFBC}") = "9dt", "9dt\9dt.csproj", "{04E2F6C5-1887-4FB1-9223-32BCECD24B91}"
EndProject
Project("{FAE04EC0-301F-11D3-BF4B-00C04F79EFBC}") = "9dt.Tests", "9dt.Tests\9dt.Tests.csproj", "{4C272472-E996-44BA-A934-1B7E2AA746B5}"
EndProject
Global
	GlobalSection(SolutionConfigurationPlatforms) = preSolution
		Debug|Any CPU = Debug|Any CPU
		Release|Any CPU = Release|Any CPU
	EndGlobalSection
	GlobalSection(ProjectConfigurationPlatforms) = postSolution
		{04E2F6C5-1887-4FB1-9223-32BCECD24B91}.Debug|Any CPU.ActiveCfg = Debug|Any CPU
		{04E2F6C5-1887-4FB1-9223-32BCECD24B91}.Debug|Any CPU.Build.0 = Debug|Any CPU
		{04E2F6C5-1887-4FB1-9223-32BCECD24B91}.Release|Any CPU.ActiveCfg = Release|Any CPU
		{04E2F6C5-1887-4FB1-9223-32BCECD24B91}.Release|Any CPU.Build.0 = Release|Any CPU
		{4C272472-E996-44BA-A934-1B7E2AA746B5}.Debug|Any CPU.ActiveCfg = Debug|Any CPU
		{4C272472-E996-44BA-A934-1B7E2AA746B5}.Debug|Any CPU.Build.0 = Debug|Any CPU
		{4C272472-E996-44BA-A934-1B7E2AA746B5}.Release|Any CPU.ActiveCfg = Release|Any CPU
		{4C272472-E996-44BA-A934-1B7E2AA746B5}.Release|Any CPU.Build.0 = Release|Any CPU
	EndGlobalSection
	GlobalSection(SolutionProperties) = preSolution
		HideSolutionNode = FALSE
	EndGlobalSection
EndGlobal
